
Microsoft Visual Studio Solution File, Format Version 12.00
# Visual Studio Version 17
VisualStudioVersion = 17.6.33815.320
MinimumVisualStudioVersion = 10.0.40219.1
Project("{2150E333-8FDC-42A3-9474-1A3956D46DE8}") = "Application", "Application", "{35A341EA-96B2-41CC-91D9-11C0F94FF372}"
EndProject
Project("{9A19103F-16F7-4668-BE54-9A1E7A4F7556}") = "StudentHouseMembershipCart.Application", "StudentHouseMembershipCart.Application\StudentHouseMembershipCart.Application.csproj", "{88DCA15C-3C7F-4B3E-8AA5-61A75E52AD22}"
EndProject
Project("{2150E333-8FDC-42A3-9474-1A3956D46DE8}") = "Core", "Core", "{4D27A9D8-BDC3-4EF3-B6FC-3291B7B03C8D}"
EndProject
Project("{9A19103F-16F7-4668-BE54-9A1E7A4F7556}") = "StudentHouseMembershipCart.Domain", "StudentHouseMembershipCart.Domain\StudentHouseMembershipCart.Domain.csproj", "{693CA250-03AB-4175-BE62-E081530A3B45}"
EndProject
Project("{2150E333-8FDC-42A3-9474-1A3956D46DE8}") = "Infrastucture", "Infrastucture", "{EAB7EC59-1E23-4760-AC66-1ECAD6056546}"
EndProject
Project("{9A19103F-16F7-4668-BE54-9A1E7A4F7556}") = "StudentHouseMembershipCart.Infrastucture", "StudentHouseMembershipCart.Infrastucture\StudentHouseMembershipCart.Infrastucture.csproj", "{819B3F93-88EB-462D-BC24-F48670C0AFD0}"
EndProject
Project("{2150E333-8FDC-42A3-9474-1A3956D46DE8}") = "WebServiceAPI", "WebServiceAPI", "{2A78A25E-00C3-427C-A1EA-493FEB5832E8}"
EndProject
Project("{9A19103F-16F7-4668-BE54-9A1E7A4F7556}") = "StudentHouseMembershipCart.API", "StudentHouseMembershipCart.API\StudentHouseMembershipCart.API.csproj", "{6F912216-E7A1-4958-8AA3-DE6A1A2A7FFD}"
EndProject
Project("{9A19103F-16F7-4668-BE54-9A1E7A4F7556}") = "StudentHouseMembershipCart.Identity", "StudentHouseMembershipCart.Identity\StudentHouseMembershipCart.Identity.csproj", "{874F158D-9BB2-4714-8404-93F183D4EFE6}"
EndProject
Project("{FAE04EC0-301F-11D3-BF4B-00C04F79EFBC}") = "StudentHouseMembershipCart.Service", "StudentHouseMembershipCart.Service\StudentHouseMembershipCart.Service.csproj", "{845F4650-E753-41DD-A58B-46D920644CD3}"
EndProject
Project("{2150E333-8FDC-42A3-9474-1A3956D46DE8}") = "Shared", "Shared", "{E58E889A-155F-491F-A7FC-33DAA2377D90}"
EndProject
Project("{FAE04EC0-301F-11D3-BF4B-00C04F79EFBC}") = "StudentHouseMembershipCart.Ultils", "StudentHouseMembershipCart.Ultils\StudentHouseMembershipCart.Ultils.csproj", "{C0B52089-5323-445C-965C-4CD7830E31B7}"
EndProject
Global
	GlobalSection(SolutionConfigurationPlatforms) = preSolution
		Debug|Any CPU = Debug|Any CPU
		Release|Any CPU = Release|Any CPU
	EndGlobalSection
	GlobalSection(ProjectConfigurationPlatforms) = postSolution
		{88DCA15C-3C7F-4B3E-8AA5-61A75E52AD22}.Debug|Any CPU.ActiveCfg = Debug|Any CPU
		{88DCA15C-3C7F-4B3E-8AA5-61A75E52AD22}.Debug|Any CPU.Build.0 = Debug|Any CPU
		{88DCA15C-3C7F-4B3E-8AA5-61A75E52AD22}.Release|Any CPU.ActiveCfg = Release|Any CPU
		{88DCA15C-3C7F-4B3E-8AA5-61A75E52AD22}.Release|Any CPU.Build.0 = Release|Any CPU
		{693CA250-03AB-4175-BE62-E081530A3B45}.Debug|Any CPU.ActiveCfg = Debug|Any CPU
		{693CA250-03AB-4175-BE62-E081530A3B45}.Debug|Any CPU.Build.0 = Debug|Any CPU
		{693CA250-03AB-4175-BE62-E081530A3B45}.Release|Any CPU.ActiveCfg = Release|Any CPU
		{693CA250-03AB-4175-BE62-E081530A3B45}.Release|Any CPU.Build.0 = Release|Any CPU
		{819B3F93-88EB-462D-BC24-F48670C0AFD0}.Debug|Any CPU.ActiveCfg = Debug|Any CPU
		{819B3F93-88EB-462D-BC24-F48670C0AFD0}.Debug|Any CPU.Build.0 = Debug|Any CPU
		{819B3F93-88EB-462D-BC24-F48670C0AFD0}.Release|Any CPU.ActiveCfg = Release|Any CPU
		{819B3F93-88EB-462D-BC24-F48670C0AFD0}.Release|Any CPU.Build.0 = Release|Any CPU
		{6F912216-E7A1-4958-8AA3-DE6A1A2A7FFD}.Debug|Any CPU.ActiveCfg = Debug|Any CPU
		{6F912216-E7A1-4958-8AA3-DE6A1A2A7FFD}.Debug|Any CPU.Build.0 = Debug|Any CPU
		{6F912216-E7A1-4958-8AA3-DE6A1A2A7FFD}.Release|Any CPU.ActiveCfg = Release|Any CPU
		{6F912216-E7A1-4958-8AA3-DE6A1A2A7FFD}.Release|Any CPU.Build.0 = Release|Any CPU
		{874F158D-9BB2-4714-8404-93F183D4EFE6}.Debug|Any CPU.ActiveCfg = Debug|Any CPU
		{874F158D-9BB2-4714-8404-93F183D4EFE6}.Debug|Any CPU.Build.0 = Debug|Any CPU
		{874F158D-9BB2-4714-8404-93F183D4EFE6}.Release|Any CPU.ActiveCfg = Release|Any CPU
		{874F158D-9BB2-4714-8404-93F183D4EFE6}.Release|Any CPU.Build.0 = Release|Any CPU
		{845F4650-E753-41DD-A58B-46D920644CD3}.Debug|Any CPU.ActiveCfg = Debug|Any CPU
		{845F4650-E753-41DD-A58B-46D920644CD3}.Debug|Any CPU.Build.0 = Debug|Any CPU
		{845F4650-E753-41DD-A58B-46D920644CD3}.Release|Any CPU.ActiveCfg = Release|Any CPU
		{845F4650-E753-41DD-A58B-46D920644CD3}.Release|Any CPU.Build.0 = Release|Any CPU
		{C0B52089-5323-445C-965C-4CD7830E31B7}.Debug|Any CPU.ActiveCfg = Debug|Any CPU
		{C0B52089-5323-445C-965C-4CD7830E31B7}.Debug|Any CPU.Build.0 = Debug|Any CPU
		{C0B52089-5323-445C-965C-4CD7830E31B7}.Release|Any CPU.ActiveCfg = Release|Any CPU
		{C0B52089-5323-445C-965C-4CD7830E31B7}.Release|Any CPU.Build.0 = Release|Any CPU
	EndGlobalSection
	GlobalSection(SolutionProperties) = preSolution
		HideSolutionNode = FALSE
	EndGlobalSection
	GlobalSection(NestedProjects) = preSolution
		{88DCA15C-3C7F-4B3E-8AA5-61A75E52AD22} = {35A341EA-96B2-41CC-91D9-11C0F94FF372}
		{693CA250-03AB-4175-BE62-E081530A3B45} = {4D27A9D8-BDC3-4EF3-B6FC-3291B7B03C8D}
		{819B3F93-88EB-462D-BC24-F48670C0AFD0} = {EAB7EC59-1E23-4760-AC66-1ECAD6056546}
		{6F912216-E7A1-4958-8AA3-DE6A1A2A7FFD} = {2A78A25E-00C3-427C-A1EA-493FEB5832E8}
		{874F158D-9BB2-4714-8404-93F183D4EFE6} = {EAB7EC59-1E23-4760-AC66-1ECAD6056546}
		{845F4650-E753-41DD-A58B-46D920644CD3} = {35A341EA-96B2-41CC-91D9-11C0F94FF372}
		{C0B52089-5323-445C-965C-4CD7830E31B7} = {E58E889A-155F-491F-A7FC-33DAA2377D90}
	EndGlobalSection
	GlobalSection(ExtensibilityGlobals) = postSolution
		SolutionGuid = {434BF572-C827-4882-87C2-2FB69D45ACCB}
	EndGlobalSection
EndGlobal
